
Microsoft Visual Studio Solution File, Format Version 12.00
# Visual Studio Express 2013 for Windows
VisualStudioVersion = 12.0.31101.0
MinimumVisualStudioVersion = 10.0.40219.1
Project("{2150E333-8FDC-42A3-9474-1A3956D46DE8}") = "HubAppLab", "HubAppLab", "{8D7F09CE-28C3-4339-8666-1ECDE970E232}"
EndProject
Project("{D954291E-2A0B-460D-934E-DC6B0785DB48}") = "HubAppLab.Shared", "HubAppLab\HubAppLab.Shared\HubAppLab.Shared.shproj", "{FF07357F-73A0-429C-8093-B6AF5AB22F86}"
EndProject
Project("{FAE04EC0-301F-11D3-BF4B-00C04F79EFBC}") = "HubAppLab.Windows", "HubAppLab\HubAppLab.Windows\HubAppLab.Windows.csproj", "{654D9102-0F0E-4820-97C3-3B850E46CE0F}"
EndProject
Project("{FAE04EC0-301F-11D3-BF4B-00C04F79EFBC}") = "HubAppLab.WindowsPhone", "HubAppLab\HubAppLab.WindowsPhone\HubAppLab.WindowsPhone.csproj", "{01A22064-71B1-4955-981F-4F49D8AC57C0}"
EndProject
Global
	GlobalSection(SharedMSBuildProjectFiles) = preSolution
		HubAppLab\HubAppLab.Shared\HubAppLab.Shared.projitems*{ff07357f-73a0-429c-8093-b6af5ab22f86}*SharedItemsImports = 13
		HubAppLab\HubAppLab.Shared\HubAppLab.Shared.projitems*{01a22064-71b1-4955-981f-4f49d8ac57c0}*SharedItemsImports = 4
		HubAppLab\HubAppLab.Shared\HubAppLab.Shared.projitems*{654d9102-0f0e-4820-97c3-3b850e46ce0f}*SharedItemsImports = 4
	EndGlobalSection
	GlobalSection(SolutionConfigurationPlatforms) = preSolution
		Debug|Any CPU = Debug|Any CPU
		Debug|ARM = Debug|ARM
		Debug|x64 = Debug|x64
		Debug|x86 = Debug|x86
		Release|Any CPU = Release|Any CPU
		Release|ARM = Release|ARM
		Release|x64 = Release|x64
		Release|x86 = Release|x86
	EndGlobalSection
	GlobalSection(ProjectConfigurationPlatforms) = postSolution
		{654D9102-0F0E-4820-97C3-3B850E46CE0F}.Debug|Any CPU.ActiveCfg = Debug|Any CPU
		{654D9102-0F0E-4820-97C3-3B850E46CE0F}.Debug|Any CPU.Build.0 = Debug|Any CPU
		{654D9102-0F0E-4820-97C3-3B850E46CE0F}.Debug|Any CPU.Deploy.0 = Debug|Any CPU
		{654D9102-0F0E-4820-97C3-3B850E46CE0F}.Debug|ARM.ActiveCfg = Debug|ARM
		{654D9102-0F0E-4820-97C3-3B850E46CE0F}.Debug|ARM.Build.0 = Debug|ARM
		{654D9102-0F0E-4820-97C3-3B850E46CE0F}.Debug|ARM.Deploy.0 = Debug|ARM
		{654D9102-0F0E-4820-97C3-3B850E46CE0F}.Debug|x64.ActiveCfg = Debug|x64
		{654D9102-0F0E-4820-97C3-3B850E46CE0F}.Debug|x64.Build.0 = Debug|x64
		{654D9102-0F0E-4820-97C3-3B850E46CE0F}.Debug|x64.Deploy.0 = Debug|x64
		{654D9102-0F0E-4820-97C3-3B850E46CE0F}.Debug|x86.ActiveCfg = Debug|x86
		{654D9102-0F0E-4820-97C3-3B850E46CE0F}.Debug|x86.Build.0 = Debug|x86
		{654D9102-0F0E-4820-97C3-3B850E46CE0F}.Debug|x86.Deploy.0 = Debug|x86
		{654D9102-0F0E-4820-97C3-3B850E46CE0F}.Release|Any CPU.ActiveCfg = Release|Any CPU
		{654D9102-0F0E-4820-97C3-3B850E46CE0F}.Release|Any CPU.Build.0 = Release|Any CPU
		{654D9102-0F0E-4820-97C3-3B850E46CE0F}.Release|Any CPU.Deploy.0 = Release|Any CPU
		{654D9102-0F0E-4820-97C3-3B850E46CE0F}.Release|ARM.ActiveCfg = Release|ARM
		{654D9102-0F0E-4820-97C3-3B850E46CE0F}.Release|ARM.Build.0 = Release|ARM
		{654D9102-0F0E-4820-97C3-3B850E46CE0F}.Release|ARM.Deploy.0 = Release|ARM
		{654D9102-0F0E-4820-97C3-3B850E46CE0F}.Release|x64.ActiveCfg = Release|x64
		{654D9102-0F0E-4820-97C3-3B850E46CE0F}.Release|x64.Build.0 = Release|x64
		{654D9102-0F0E-4820-97C3-3B850E46CE0F}.Release|x64.Deploy.0 = Release|x64
		{654D9102-0F0E-4820-97C3-3B850E46CE0F}.Release|x86.ActiveCfg = Release|x86
		{654D9102-0F0E-4820-97C3-3B850E46CE0F}.Release|x86.Build.0 = Release|x86
		{654D9102-0F0E-4820-97C3-3B850E46CE0F}.Release|x86.Deploy.0 = Release|x86
		{01A22064-71B1-4955-981F-4F49D8AC57C0}.Debug|Any CPU.ActiveCfg = Debug|Any CPU
		{01A22064-71B1-4955-981F-4F49D8AC57C0}.Debug|Any CPU.Build.0 = Debug|Any CPU
		{01A22064-71B1-4955-981F-4F49D8AC57C0}.Debug|Any CPU.Deploy.0 = Debug|Any CPU
		{01A22064-71B1-4955-981F-4F49D8AC57C0}.Debug|ARM.ActiveCfg = Debug|ARM
		{01A22064-71B1-4955-981F-4F49D8AC57C0}.Debug|ARM.Build.0 = Debug|ARM
		{01A22064-71B1-4955-981F-4F49D8AC57C0}.Debug|ARM.Deploy.0 = Debug|ARM
		{01A22064-71B1-4955-981F-4F49D8AC57C0}.Debug|x64.ActiveCfg = Debug|Any CPU
		{01A22064-71B1-4955-981F-4F49D8AC57C0}.Debug|x86.ActiveCfg = Debug|x86
		{01A22064-71B1-4955-981F-4F49D8AC57C0}.Debug|x86.Build.0 = Debug|x86
		{01A22064-71B1-4955-981F-4F49D8AC57C0}.Debug|x86.Deploy.0 = Debug|x86
		{01A22064-71B1-4955-981F-4F49D8AC57C0}.Release|Any CPU.ActiveCfg = Release|Any CPU
		{01A22064-71B1-4955-981F-4F49D8AC57C0}.Release|Any CPU.Build.0 = Release|Any CPU
		{01A22064-71B1-4955-981F-4F49D8AC57C0}.Release|Any CPU.Deploy.0 = Release|Any CPU
		{01A22064-71B1-4955-981F-4F49D8AC57C0}.Release|ARM.ActiveCfg = Release|ARM
		{01A22064-71B1-4955-981F-4F49D8AC57C0}.Release|ARM.Build.0 = Release|ARM
		{01A22064-71B1-4955-981F-4F49D8AC57C0}.Release|ARM.Deploy.0 = Release|ARM
		{01A22064-71B1-4955-981F-4F49D8AC57C0}.Release|x64.ActiveCfg = Release|Any CPU
		{01A22064-71B1-4955-981F-4F49D8AC57C0}.Release|x86.ActiveCfg = Release|x86
		{01A22064-71B1-4955-981F-4F49D8AC57C0}.Release|x86.Build.0 = Release|x86
		{01A22064-71B1-4955-981F-4F49D8AC57C0}.Release|x86.Deploy.0 = Release|x86
	EndGlobalSection
	GlobalSection(SolutionProperties) = preSolution
		HideSolutionNode = FALSE
	EndGlobalSection
	GlobalSection(NestedProjects) = preSolution
		{FF07357F-73A0-429C-8093-B6AF5AB22F86} = {8D7F09CE-28C3-4339-8666-1ECDE970E232}
		{654D9102-0F0E-4820-97C3-3B850E46CE0F} = {8D7F09CE-28C3-4339-8666-1ECDE970E232}
		{01A22064-71B1-4955-981F-4F49D8AC57C0} = {8D7F09CE-28C3-4339-8666-1ECDE970E232}
	EndGlobalSection
EndGlobal
